
Microsoft Visual Studio Solution File, Format Version 12.00
# Visual Studio Version 17
VisualStudioVersion = 17.0.32112.339
MinimumVisualStudioVersion = 10.0.40219.1
Project("{FAE04EC0-301F-11D3-BF4B-00C04F79EFBC}") = "DataControls", "DataControls.csproj", "{2CCBD51C-29B4-4CCD-9E7D-8F57EE83B4B5}"
EndProject
Global
	GlobalSection(SolutionConfigurationPlatforms) = preSolution
		Debug|Any CPU = Debug|Any CPU
		Release|Any CPU = Release|Any CPU
	EndGlobalSection
	GlobalSection(ProjectConfigurationPlatforms) = postSolution
		{2CCBD51C-29B4-4CCD-9E7D-8F57EE83B4B5}.Debug|Any CPU.ActiveCfg = Debug|Any CPU
		{2CCBD51C-29B4-4CCD-9E7D-8F57EE83B4B5}.Debug|Any CPU.Build.0 = Debug|Any CPU
		{2CCBD51C-29B4-4CCD-9E7D-8F57EE83B4B5}.Release|Any CPU.ActiveCfg = Release|Any CPU
		{2CCBD51C-29B4-4CCD-9E7D-8F57EE83B4B5}.Release|Any CPU.Build.0 = Release|Any CPU
	EndGlobalSection
	GlobalSection(SolutionProperties) = preSolution
		HideSolutionNode = FALSE
	EndGlobalSection
	GlobalSection(ExtensibilityGlobals) = postSolution
		SolutionGuid = {F92A335E-3D05-4648-AC9D-FCA3C5286465}
	EndGlobalSection
EndGlobal
