
Microsoft Visual Studio Solution File, Format Version 12.00
# Visual Studio Version 17
VisualStudioVersion = 17.0.32112.339
MinimumVisualStudioVersion = 10.0.40219.1
Project("{FAE04EC0-301F-11D3-BF4B-00C04F79EFBC}") = "HandsonAdoDotNetEx", "HandsonAdoDotNetEx.csproj", "{CFB4C030-B218-485C-8B47-39507E2216B3}"
EndProject
Project("{FAE04EC0-301F-11D3-BF4B-00C04F79EFBC}") = "DataAccessLayer", "..\DataAccessLayer\DataAccessLayer.csproj", "{9BAB4605-27F6-49F5-9B35-F28A147CA99B}"
EndProject
Project("{FAE04EC0-301F-11D3-BF4B-00C04F79EFBC}") = "BusinessObjects", "..\BusinessObjects\BusinessObjects.csproj", "{307B2350-783C-4165-BDE6-A9B1208ADFA1}"
EndProject
Project("{FAE04EC0-301F-11D3-BF4B-00C04F79EFBC}") = "BusinessLayerr", "..\BusinessLayerr\BusinessLayerr.csproj", "{00A811BE-1065-47F0-88F8-1CB407960173}"
EndProject
Global
	GlobalSection(SolutionConfigurationPlatforms) = preSolution
		Debug|Any CPU = Debug|Any CPU
		Release|Any CPU = Release|Any CPU
	EndGlobalSection
	GlobalSection(ProjectConfigurationPlatforms) = postSolution
		{CFB4C030-B218-485C-8B47-39507E2216B3}.Debug|Any CPU.ActiveCfg = Debug|Any CPU
		{CFB4C030-B218-485C-8B47-39507E2216B3}.Debug|Any CPU.Build.0 = Debug|Any CPU
		{CFB4C030-B218-485C-8B47-39507E2216B3}.Release|Any CPU.ActiveCfg = Release|Any CPU
		{CFB4C030-B218-485C-8B47-39507E2216B3}.Release|Any CPU.Build.0 = Release|Any CPU
		{9BAB4605-27F6-49F5-9B35-F28A147CA99B}.Debug|Any CPU.ActiveCfg = Debug|Any CPU
		{9BAB4605-27F6-49F5-9B35-F28A147CA99B}.Debug|Any CPU.Build.0 = Debug|Any CPU
		{9BAB4605-27F6-49F5-9B35-F28A147CA99B}.Release|Any CPU.ActiveCfg = Release|Any CPU
		{9BAB4605-27F6-49F5-9B35-F28A147CA99B}.Release|Any CPU.Build.0 = Release|Any CPU
		{307B2350-783C-4165-BDE6-A9B1208ADFA1}.Debug|Any CPU.ActiveCfg = Debug|Any CPU
		{307B2350-783C-4165-BDE6-A9B1208ADFA1}.Debug|Any CPU.Build.0 = Debug|Any CPU
		{307B2350-783C-4165-BDE6-A9B1208ADFA1}.Release|Any CPU.ActiveCfg = Release|Any CPU
		{307B2350-783C-4165-BDE6-A9B1208ADFA1}.Release|Any CPU.Build.0 = Release|Any CPU
		{00A811BE-1065-47F0-88F8-1CB407960173}.Debug|Any CPU.ActiveCfg = Debug|Any CPU
		{00A811BE-1065-47F0-88F8-1CB407960173}.Debug|Any CPU.Build.0 = Debug|Any CPU
		{00A811BE-1065-47F0-88F8-1CB407960173}.Release|Any CPU.ActiveCfg = Release|Any CPU
		{00A811BE-1065-47F0-88F8-1CB407960173}.Release|Any CPU.Build.0 = Release|Any CPU
	EndGlobalSection
	GlobalSection(SolutionProperties) = preSolution
		HideSolutionNode = FALSE
	EndGlobalSection
	GlobalSection(ExtensibilityGlobals) = postSolution
		SolutionGuid = {678C3651-51F4-4FFA-80CE-9D0C8EB2CC71}
	EndGlobalSection
EndGlobal
