
Microsoft Visual Studio Solution File, Format Version 12.00
# Visual Studio Version 17
VisualStudioVersion = 17.2.32630.192
MinimumVisualStudioVersion = 10.0.40219.1
Project("{FAE04EC0-301F-11D3-BF4B-00C04F79EFBC}") = "examsol", "examsol.csproj", "{D6531433-EE28-4C28-88C0-A06CF488C98E}"
EndProject
Global
	GlobalSection(SolutionConfigurationPlatforms) = preSolution
		Debug|Any CPU = Debug|Any CPU
		Release|Any CPU = Release|Any CPU
	EndGlobalSection
	GlobalSection(ProjectConfigurationPlatforms) = postSolution
		{D6531433-EE28-4C28-88C0-A06CF488C98E}.Debug|Any CPU.ActiveCfg = Debug|Any CPU
		{D6531433-EE28-4C28-88C0-A06CF488C98E}.Debug|Any CPU.Build.0 = Debug|Any CPU
		{D6531433-EE28-4C28-88C0-A06CF488C98E}.Release|Any CPU.ActiveCfg = Release|Any CPU
		{D6531433-EE28-4C28-88C0-A06CF488C98E}.Release|Any CPU.Build.0 = Release|Any CPU
	EndGlobalSection
	GlobalSection(SolutionProperties) = preSolution
		HideSolutionNode = FALSE
	EndGlobalSection
	GlobalSection(ExtensibilityGlobals) = postSolution
		SolutionGuid = {47E9C9D8-8BD0-4C41-AC56-94B3353C8093}
	EndGlobalSection
EndGlobal
