
Microsoft Visual Studio Solution File, Format Version 12.00
# Visual Studio Version 17
VisualStudioVersion = 17.0.32112.339
MinimumVisualStudioVersion = 10.0.40219.1
Project("{FAE04EC0-301F-11D3-BF4B-00C04F79EFBC}") = "HandsOnWebFormsOne", "HandsOnWebFormsOne.csproj", "{88092EEC-5121-49D0-8765-3D041182A19E}"
EndProject
Global
	GlobalSection(SolutionConfigurationPlatforms) = preSolution
		Debug|Any CPU = Debug|Any CPU
		Release|Any CPU = Release|Any CPU
	EndGlobalSection
	GlobalSection(ProjectConfigurationPlatforms) = postSolution
		{88092EEC-5121-49D0-8765-3D041182A19E}.Debug|Any CPU.ActiveCfg = Debug|Any CPU
		{88092EEC-5121-49D0-8765-3D041182A19E}.Debug|Any CPU.Build.0 = Debug|Any CPU
		{88092EEC-5121-49D0-8765-3D041182A19E}.Release|Any CPU.ActiveCfg = Release|Any CPU
		{88092EEC-5121-49D0-8765-3D041182A19E}.Release|Any CPU.Build.0 = Release|Any CPU
	EndGlobalSection
	GlobalSection(SolutionProperties) = preSolution
		HideSolutionNode = FALSE
	EndGlobalSection
	GlobalSection(ExtensibilityGlobals) = postSolution
		SolutionGuid = {5FB3411A-1116-4CCC-BF7F-70353D170F5B}
	EndGlobalSection
EndGlobal
